
Microsoft Visual Studio Solution File, Format Version 12.00
# Visual Studio Version 17
VisualStudioVersion = 17.5.002.0
MinimumVisualStudioVersion = 10.0.40219.1
Project("{9A19103F-16F7-4668-BE54-9A1E7A4F7556}") = "DesafioFundamentos", "DesafioFundamentos.csproj", "{FF213190-47D2-41A6-8204-331D1194E888}"
EndProject
Global
	GlobalSection(SolutionConfigurationPlatforms) = preSolution
		Debug|Any CPU = Debug|Any CPU
		Release|Any CPU = Release|Any CPU
	EndGlobalSection
	GlobalSection(ProjectConfigurationPlatforms) = postSolution
		{FF213190-47D2-41A6-8204-331D1194E888}.Debug|Any CPU.ActiveCfg = Debug|Any CPU
		{FF213190-47D2-41A6-8204-331D1194E888}.Debug|Any CPU.Build.0 = Debug|Any CPU
		{FF213190-47D2-41A6-8204-331D1194E888}.Release|Any CPU.ActiveCfg = Release|Any CPU
		{FF213190-47D2-41A6-8204-331D1194E888}.Release|Any CPU.Build.0 = Release|Any CPU
	EndGlobalSection
	GlobalSection(SolutionProperties) = preSolution
		HideSolutionNode = FALSE
	EndGlobalSection
	GlobalSection(ExtensibilityGlobals) = postSolution
		SolutionGuid = {0B6FC81B-4870-4C49-9E37-E6DF97D9FBC8}
	EndGlobalSection
EndGlobal
